{
  "version": 4,
  "terraform_version": "1.3.4",
  "serial": 249,
  "lineage": "7153b846-f145-8bf8-7f8e-7d9ecaecdc3b",
  "outputs": {
    "mongo-ip": {
      "value": "10.0.1.2",
      "type": "string"
    },
    "mongo-nat-ip": {
      "value": "34.23.202.168",
      "type": "string"
    }
  },
  "resources": [
    {
      "mode": "managed",
      "type": "google_compute_firewall",
      "name": "ingress_from_gke",
      "provider": "provider[\"registry.terraform.io/hashicorp/google\"]",
      "instances": [
        {
          "schema_version": 1,
          "attributes": {
            "allow": [
              {
                "ports": [
                  "27017"
                ],
                "protocol": "tcp"
              }
            ],
            "creation_timestamp": "2022-11-14T07:53:48.225-08:00",
            "deny": [],
            "description": "",
            "destination_ranges": [],
            "direction": "INGRESS",
            "disabled": false,
            "enable_logging": null,
            "id": "projects/tough-artwork-368615/global/firewalls/allow-trafic-from-gke",
            "log_config": [],
            "name": "allow-trafic-from-gke",
            "network": "https://www.googleapis.com/compute/v1/projects/tough-artwork-368615/global/networks/main",
            "priority": 1000,
            "project": "tough-artwork-368615",
            "self_link": "https://www.googleapis.com/compute/v1/projects/tough-artwork-368615/global/firewalls/allow-trafic-from-gke",
            "source_ranges": [
              "10.0.0.0/24"
            ],
            "source_service_accounts": null,
            "source_tags": null,
            "target_service_accounts": null,
            "target_tags": [
              "allow-gke-trafic"
            ],
            "timeouts": null
          },
          "sensitive_attributes": [],
          "private": "eyJlMmJmYjczMC1lY2FhLTExZTYtOGY4OC0zNDM2M2JjN2M0YzAiOnsiY3JlYXRlIjoxMjAwMDAwMDAwMDAwLCJkZWxldGUiOjEyMDAwMDAwMDAwMDAsInVwZGF0ZSI6MTIwMDAwMDAwMDAwMH0sInNjaGVtYV92ZXJzaW9uIjoiMSJ9",
          "dependencies": [
            "google_compute_network.main"
          ]
        }
      ]
    },
    {
      "mode": "managed",
      "type": "google_compute_firewall",
      "name": "ssh",
      "provider": "provider[\"registry.terraform.io/hashicorp/google\"]",
      "instances": [
        {
          "schema_version": 1,
          "attributes": {
            "allow": [
              {
                "ports": [
                  "22"
                ],
                "protocol": "tcp"
              }
            ],
            "creation_timestamp": "2022-11-14T07:53:48.325-08:00",
            "deny": [],
            "description": "",
            "destination_ranges": [],
            "direction": "INGRESS",
            "disabled": false,
            "enable_logging": null,
            "id": "projects/tough-artwork-368615/global/firewalls/allow-ssh",
            "log_config": [],
            "name": "allow-ssh",
            "network": "https://www.googleapis.com/compute/v1/projects/tough-artwork-368615/global/networks/main",
            "priority": 1000,
            "project": "tough-artwork-368615",
            "self_link": "https://www.googleapis.com/compute/v1/projects/tough-artwork-368615/global/firewalls/allow-ssh",
            "source_ranges": [
              "0.0.0.0/0"
            ],
            "source_service_accounts": null,
            "source_tags": null,
            "target_service_accounts": null,
            "target_tags": [
              "allow-ssh"
            ],
            "timeouts": null
          },
          "sensitive_attributes": [],
          "private": "eyJlMmJmYjczMC1lY2FhLTExZTYtOGY4OC0zNDM2M2JjN2M0YzAiOnsiY3JlYXRlIjoxMjAwMDAwMDAwMDAwLCJkZWxldGUiOjEyMDAwMDAwMDAwMDAsInVwZGF0ZSI6MTIwMDAwMDAwMDAwMH0sInNjaGVtYV92ZXJzaW9uIjoiMSJ9",
          "dependencies": [
            "google_compute_network.main"
          ]
        }
      ]
    },
    {
      "mode": "managed",
      "type": "google_compute_instance",
      "name": "mongo",
      "provider": "provider[\"registry.terraform.io/hashicorp/google\"]",
      "instances": [
        {
          "schema_version": 6,
          "attributes": {
            "advanced_machine_features": [],
            "allow_stopping_for_update": true,
            "attached_disk": [],
            "boot_disk": [
              {
                "auto_delete": true,
                "device_name": "persistent-disk-0",
                "disk_encryption_key_raw": "",
                "disk_encryption_key_sha256": "",
                "initialize_params": [
                  {
                    "image": "https://www.googleapis.com/compute/v1/projects/ubuntu-os-cloud/global/images/ubuntu-2004-focal-v20220927",
                    "labels": {},
                    "size": 10,
                    "type": "pd-standard"
                  }
                ],
                "kms_key_self_link": "",
                "mode": "READ_WRITE",
                "source": "https://www.googleapis.com/compute/v1/projects/tough-artwork-368615/zones/us-east1-b/disks/mongodb"
              }
            ],
            "can_ip_forward": false,
            "confidential_instance_config": [],
            "cpu_platform": "Intel Broadwell",
            "current_status": "RUNNING",
            "deletion_protection": false,
            "description": "",
            "desired_status": null,
            "enable_display": false,
            "guest_accelerator": [],
            "hostname": "",
            "id": "projects/tough-artwork-368615/zones/us-east1-b/instances/mongodb",
            "instance_id": "23440087851194998",
            "label_fingerprint": "42WmSpB8rSM=",
            "labels": null,
            "machine_type": "e2-small",
            "metadata": null,
            "metadata_fingerprint": "CzxQIf7bAUM=",
            "metadata_startup_script": "#!/usr/bin/bash\nsudo apt-get update\nsudo apt-get install wget -y\nwget -qO - https://www.mongodb.org/static/pgp/server-6.0.asc | sudo apt-key add -\necho \"deb [ arch=amd64,arm64 ] https://repo.mongodb.org/apt/ubuntu focal/mongodb-org/6.0 multiverse\" | sudo tee /etc/apt/sources.list.d/mongodb-org-6.0.list\nsudo apt-get update -y;\nsudo apt-get install -y mongodb-org\necho \"mongodb-org hold\" | sudo dpkg --set-selections\necho \"mongodb-org-database hold\" | sudo dpkg --set-selections\necho \"mongodb-org-server hold\" | sudo dpkg --set-selections\necho \"mongodb-mongosh hold\" | sudo dpkg --set-selections\necho \"mongodb-org-mongos hold\" | sudo dpkg --set-selections\necho \"mongodb-org-tools hold\" | sudo dpkg --set-selections\nsudo sed -i 's/127.0.0.1/0.0.0.0/g' /etc/mongod.conf\nsudo systemctl enable mongod.service \u0026\u0026 sudo systemctl start mongod.service\n",
            "min_cpu_platform": "",
            "name": "mongodb",
            "network_interface": [
              {
                "access_config": [
                  {
                    "nat_ip": "34.23.202.168",
                    "network_tier": "PREMIUM",
                    "public_ptr_domain_name": ""
                  }
                ],
                "alias_ip_range": [],
                "ipv6_access_config": [],
                "ipv6_access_type": "",
                "name": "nic0",
                "network": "https://www.googleapis.com/compute/v1/projects/tough-artwork-368615/global/networks/main",
                "network_ip": "10.0.1.2",
                "nic_type": "",
                "queue_count": 0,
                "stack_type": "IPV4_ONLY",
                "subnetwork": "https://www.googleapis.com/compute/v1/projects/tough-artwork-368615/regions/us-east1/subnetworks/mongo-ip-range",
                "subnetwork_project": "tough-artwork-368615"
              }
            ],
            "project": "tough-artwork-368615",
            "reservation_affinity": [],
            "resource_policies": null,
            "scheduling": [
              {
                "automatic_restart": true,
                "instance_termination_action": "",
                "min_node_cpus": 0,
                "node_affinities": [],
                "on_host_maintenance": "MIGRATE",
                "preemptible": false,
                "provisioning_model": "STANDARD"
              }
            ],
            "scratch_disk": [],
            "self_link": "https://www.googleapis.com/compute/v1/projects/tough-artwork-368615/zones/us-east1-b/instances/mongodb",
            "service_account": [],
            "shielded_instance_config": [
              {
                "enable_integrity_monitoring": true,
                "enable_secure_boot": false,
                "enable_vtpm": true
              }
            ],
            "tags": [
              "allow-gke-trafic",
              "allow-ssh"
            ],
            "tags_fingerprint": "uUUZ6CenOKA=",
            "timeouts": null,
            "zone": "us-east1-b"
          },
          "sensitive_attributes": [],
          "private": "eyJlMmJmYjczMC1lY2FhLTExZTYtOGY4OC0zNDM2M2JjN2M0YzAiOnsiY3JlYXRlIjoxMjAwMDAwMDAwMDAwLCJkZWxldGUiOjEyMDAwMDAwMDAwMDAsInVwZGF0ZSI6MTIwMDAwMDAwMDAwMH0sInNjaGVtYV92ZXJzaW9uIjoiNiJ9",
          "dependencies": [
            "google_compute_network.main",
            "google_compute_subnetwork.private_subnetwork"
          ]
        }
      ]
    },
    {
      "mode": "managed",
      "type": "google_compute_network",
      "name": "main",
      "provider": "provider[\"registry.terraform.io/hashicorp/google\"]",
      "instances": [
        {
          "schema_version": 0,
          "attributes": {
            "auto_create_subnetworks": false,
            "delete_default_routes_on_create": false,
            "description": "",
            "enable_ula_internal_ipv6": false,
            "gateway_ipv4": "",
            "id": "projects/tough-artwork-368615/global/networks/main",
            "internal_ipv6_range": "",
            "mtu": 1500,
            "name": "main",
            "project": "tough-artwork-368615",
            "routing_mode": "REGIONAL",
            "self_link": "https://www.googleapis.com/compute/v1/projects/tough-artwork-368615/global/networks/main",
            "timeouts": null
          },
          "sensitive_attributes": [],
          "private": "eyJlMmJmYjczMC1lY2FhLTExZTYtOGY4OC0zNDM2M2JjN2M0YzAiOnsiY3JlYXRlIjoxMjAwMDAwMDAwMDAwLCJkZWxldGUiOjEyMDAwMDAwMDAwMDAsInVwZGF0ZSI6MTIwMDAwMDAwMDAwMH19"
        }
      ]
    },
    {
      "mode": "managed",
      "type": "google_compute_subnetwork",
      "name": "private_subnetwork",
      "provider": "provider[\"registry.terraform.io/hashicorp/google\"]",
      "instances": [
        {
          "index_key": "gke-ip-range",
          "schema_version": 0,
          "attributes": {
            "creation_timestamp": "2022-11-14T07:53:48.927-08:00",
            "description": "",
            "external_ipv6_prefix": "",
            "fingerprint": null,
            "gateway_address": "10.0.0.1",
            "id": "projects/tough-artwork-368615/regions/us-east1/subnetworks/gke-ip-range",
            "ip_cidr_range": "10.0.0.0/24",
            "ipv6_access_type": "",
            "ipv6_cidr_range": "",
            "log_config": [],
            "name": "gke-ip-range",
            "network": "https://www.googleapis.com/compute/v1/projects/tough-artwork-368615/global/networks/main",
            "private_ip_google_access": true,
            "private_ipv6_google_access": "DISABLE_GOOGLE_ACCESS",
            "project": "tough-artwork-368615",
            "purpose": "PRIVATE",
            "region": "us-east1",
            "role": "",
            "secondary_ip_range": [],
            "self_link": "https://www.googleapis.com/compute/v1/projects/tough-artwork-368615/regions/us-east1/subnetworks/gke-ip-range",
            "stack_type": "IPV4_ONLY",
            "timeouts": null
          },
          "sensitive_attributes": [],
          "private": "eyJlMmJmYjczMC1lY2FhLTExZTYtOGY4OC0zNDM2M2JjN2M0YzAiOnsiY3JlYXRlIjoxMjAwMDAwMDAwMDAwLCJkZWxldGUiOjEyMDAwMDAwMDAwMDAsInVwZGF0ZSI6MTIwMDAwMDAwMDAwMH19",
          "dependencies": [
            "google_compute_network.main"
          ]
        },
        {
          "index_key": "mongo-ip-range",
          "schema_version": 0,
          "attributes": {
            "creation_timestamp": "2022-11-14T07:53:49.682-08:00",
            "description": "",
            "external_ipv6_prefix": "",
            "fingerprint": null,
            "gateway_address": "10.0.1.1",
            "id": "projects/tough-artwork-368615/regions/us-east1/subnetworks/mongo-ip-range",
            "ip_cidr_range": "10.0.1.0/24",
            "ipv6_access_type": "",
            "ipv6_cidr_range": "",
            "log_config": [],
            "name": "mongo-ip-range",
            "network": "https://www.googleapis.com/compute/v1/projects/tough-artwork-368615/global/networks/main",
            "private_ip_google_access": true,
            "private_ipv6_google_access": "DISABLE_GOOGLE_ACCESS",
            "project": "tough-artwork-368615",
            "purpose": "PRIVATE",
            "region": "us-east1",
            "role": "",
            "secondary_ip_range": [],
            "self_link": "https://www.googleapis.com/compute/v1/projects/tough-artwork-368615/regions/us-east1/subnetworks/mongo-ip-range",
            "stack_type": "IPV4_ONLY",
            "timeouts": null
          },
          "sensitive_attributes": [],
          "private": "eyJlMmJmYjczMC1lY2FhLTExZTYtOGY4OC0zNDM2M2JjN2M0YzAiOnsiY3JlYXRlIjoxMjAwMDAwMDAwMDAwLCJkZWxldGUiOjEyMDAwMDAwMDAwMDAsInVwZGF0ZSI6MTIwMDAwMDAwMDAwMH19",
          "dependencies": [
            "google_compute_network.main"
          ]
        }
      ]
    },
    {
      "mode": "managed",
      "type": "google_container_cluster",
      "name": "gke",
      "provider": "provider[\"registry.terraform.io/hashicorp/google\"]",
      "instances": [
        {
          "schema_version": 1,
          "attributes": {
            "addons_config": [
              {
                "cloudrun_config": [],
                "dns_cache_config": [],
                "gce_persistent_disk_csi_driver_config": [
                  {
                    "enabled": true
                  }
                ],
                "gcp_filestore_csi_driver_config": [],
                "horizontal_pod_autoscaling": [],
                "http_load_balancing": [],
                "network_policy_config": [
                  {
                    "disabled": true
                  }
                ]
              }
            ],
            "authenticator_groups_config": [],
            "binary_authorization": [
              {
                "enabled": false,
                "evaluation_mode": ""
              }
            ],
            "cluster_autoscaling": [
              {
                "auto_provisioning_defaults": [],
                "enabled": false,
                "resource_limits": []
              }
            ],
            "cluster_ipv4_cidr": "10.8.0.0/14",
            "confidential_nodes": [],
            "database_encryption": [
              {
                "key_name": "",
                "state": "DECRYPTED"
              }
            ],
            "datapath_provider": "",
            "default_max_pods_per_node": null,
            "default_snat_status": [
              {
                "disabled": false
              }
            ],
            "description": "",
            "dns_config": [],
            "enable_autopilot": false,
            "enable_binary_authorization": false,
            "enable_intranode_visibility": false,
            "enable_kubernetes_alpha": false,
            "enable_legacy_abac": false,
            "enable_shielded_nodes": true,
            "enable_tpu": false,
            "endpoint": "35.237.225.38",
            "id": "projects/tough-artwork-368615/locations/us-east1/clusters/gke-terraform",
            "initial_node_count": 1,
            "ip_allocation_policy": [],
            "label_fingerprint": "a9dc16a7",
            "location": "us-east1",
            "logging_config": [
              {
                "enable_components": [
                  "SYSTEM_COMPONENTS",
                  "WORKLOADS"
                ]
              }
            ],
            "logging_service": "logging.googleapis.com/kubernetes",
            "maintenance_policy": [],
            "master_auth": [
              {
                "client_certificate": "",
                "client_certificate_config": [
                  {
                    "issue_client_certificate": false
                  }
                ],
                "client_key": "",
                "cluster_ca_certificate": "LS0tLS1CRUdJTiBDRVJUSUZJQ0FURS0tLS0tCk1JSUVMRENDQXBTZ0F3SUJBZ0lRTW5hQkNPRVhoRlQzdldmVjAraStIVEFOQmdrcWhraUc5dzBCQVFzRkFEQXYKTVMwd0t3WURWUVFERXlReE56STFOREl6WVMwNE1EbGxMVFJoTTJFdFlqQXpNaTB5WmpoaE9HVXhPR1F5TlRVdwpJQmNOTWpJeE1URTBNVFExTkRBd1doZ1BNakExTWpFeE1EWXhOVFUwTURCYU1DOHhMVEFyQmdOVkJBTVRKREUzCk1qVTBNak5oTFRnd09XVXROR0V6WVMxaU1ETXlMVEptT0dFNFpURTRaREkxTlRDQ0FhSXdEUVlKS29aSWh2Y04KQVFFQkJRQURnZ0dQQURDQ0FZb0NnZ0dCQUpjelEzMjQ5QldUMmVpbVRUY09CVUprZWVhUStCbXBSZitnN2VQWQpnRGJGQUcwSlplUVhKVVovNGZXa013WEpqd0lrOGQ1NmowWWRNdVpOb2YyZ29zbkI1WGRoN1F1amtNWVJXdzFhCjlJcWRpd0dRa1BjcjFwT3JXd0JlcGpUUHFQMnpnYjB3akk1aVd6aSt4R1lOOUFKblNuZU5IVXV6VkdKN2o5akYKVXkxWkxwaFVzeUdUU2lFc1ZJMnExaElhRVY5UzlENGhnT1poZUMwelllVnRIazd2NVhoSVQ2R1ljNUt2OStFTwpqVVliV3d0cEZIUGpqMlRnY1g4VG56V25UZUZvdUNmMjhDUEFURTZDSzB1Nlg1QnNHamx3YW5OSjZoS2U1LzYwCmhSeEhsT1Q4YUlnbEtpNWgzbHV1QWloaTJvUUtUbHVra2xPK2ZEWG04eTllbnRLdmJCYmtrOUNaZlRZNHRDWHIKV0hDOHRhQ04zUFR2c2xsaWo1aVNBVWFOaVBUM2I4UFdxOUpZVHRXWkRpcmg4bHppMkZmUHVqVmREZnQvbTlwSwpuTjFFWDZPMlZRLzFhRFlyb1FCaUUrZ005cmxhMVVGMGhUWTZ6NmFQYnM2SnowcFU1L1BXK1dMQy9xUkxjMUJZClRzdUxNYlJyeDcreGlYZmwwRlV2cUcySlV3SURBUUFCbzBJd1FEQU9CZ05WSFE4QkFmOEVCQU1DQWdRd0R3WUQKVlIwVEFRSC9CQVV3QXdFQi96QWRCZ05WSFE0RUZnUVVqczFRWW10bk14WVVoZ1h5MjVGNDRqa2Z1UWN3RFFZSgpLb1pJaHZjTkFRRUxCUUFEZ2dHQkFEZXAzTS9PSlE4cHB2ZlEvbTVIMmRuOHlDem1PVlF3eEhJTmJ3UUhVUTNGCjhUZDYyUWhVVi9aaFJudzBvNWJURE1yYlllOS9WWk96NU1MVTJ6bVhjNFNxSUc0d0lmUDNWZnpOWHpiUTNmdmcKQnFTMExsZ0NCSE9yS1pTa0RGZFRPVVdTb1l3OTBPNXgyclRSb1JrK0NoWGJwVFlvQVdlWXB5dVBmbUhCMFFWagplN1FodTd0RDcxU3VSeDZ1ZEF1YmxzQjgvOEFOdnJGZThJcERyczFUOW9MZTJVRmNwSVNRRUhvWGZoSk9hLzY3CjhoUnQvd05yMi9KM0ZoalZKSEZTTDhMVTBnYi9ZSVIvMDV5Q1JXei95RFJSbWtBZnNlcWttV3liYmM4VVJrMi8KcUxsYlNhbjJ2a0Z3MkNqdXBuZktKZjVkYnJWM1FrVmM5RzBrWDlmVFpvbXE2UkNwQ3hST1JLOXJZd3FkRmk0NgpKQWxST3V4VVROSmFWUkFydFJ2UktsTHdXTjZhZHlGYkE5cHEyTmJwUitkMzZ1Y1VsMVBuR1VxeVZTcDFSWjQ4Cld0SkhKSk9Nell0MGpUSjJkdFArNCszZi9jYnJOYStuNWtkbno2NVlDaTFRUEZma2x0TUNIN2FvVEhkU3VrM0MKaXRVMzBJNXpBbEZVK3RnZzhxOVJKZz09Ci0tLS0tRU5EIENFUlRJRklDQVRFLS0tLS0K"
              }
            ],
            "master_authorized_networks_config": [],
            "master_version": "1.23.8-gke.1900",
            "mesh_certificates": [],
            "min_master_version": null,
            "monitoring_config": [
              {
                "enable_components": [
                  "SYSTEM_COMPONENTS"
                ]
              }
            ],
            "monitoring_service": "monitoring.googleapis.com/kubernetes",
            "name": "gke-terraform",
            "network": "projects/tough-artwork-368615/global/networks/main",
            "network_policy": [
              {
                "enabled": false,
                "provider": "PROVIDER_UNSPECIFIED"
              }
            ],
            "networking_mode": "ROUTES",
            "node_config": [],
            "node_locations": [
              "us-east1-b",
              "us-east1-c",
              "us-east1-d"
            ],
            "node_pool": [],
            "node_version": "1.23.8-gke.1900",
            "notification_config": [
              {
                "pubsub": [
                  {
                    "enabled": false,
                    "filter": [],
                    "topic": ""
                  }
                ]
              }
            ],
            "operation": null,
            "private_cluster_config": [
              {
                "enable_private_endpoint": false,
                "enable_private_nodes": false,
                "master_global_access_config": [
                  {
                    "enabled": false
                  }
                ],
                "master_ipv4_cidr_block": "",
                "peering_name": "",
                "private_endpoint": "10.0.0.2",
                "public_endpoint": "35.237.225.38"
              }
            ],
            "private_ipv6_google_access": "",
            "project": "tough-artwork-368615",
            "release_channel": [
              {
                "channel": "REGULAR"
              }
            ],
            "remove_default_node_pool": true,
            "resource_labels": null,
            "resource_usage_export_config": [],
            "self_link": "https://container.googleapis.com/v1/projects/tough-artwork-368615/locations/us-east1/clusters/gke-terraform",
            "service_external_ips_config": [
              {
                "enabled": false
              }
            ],
            "services_ipv4_cidr": "10.11.240.0/20",
            "subnetwork": "projects/tough-artwork-368615/regions/us-east1/subnetworks/gke-ip-range",
            "timeouts": null,
            "tpu_ipv4_cidr_block": "",
            "vertical_pod_autoscaling": [],
            "workload_identity_config": []
          },
          "sensitive_attributes": [],
          "private": "eyJlMmJmYjczMC1lY2FhLTExZTYtOGY4OC0zNDM2M2JjN2M0YzAiOnsiY3JlYXRlIjoyNDAwMDAwMDAwMDAwLCJkZWxldGUiOjI0MDAwMDAwMDAwMDAsInJlYWQiOjI0MDAwMDAwMDAwMDAsInVwZGF0ZSI6MzYwMDAwMDAwMDAwMH0sInNjaGVtYV92ZXJzaW9uIjoiMSJ9",
          "dependencies": [
            "google_compute_network.main",
            "google_compute_subnetwork.private_subnetwork"
          ]
        }
      ]
    },
    {
      "mode": "managed",
      "type": "google_container_node_pool",
      "name": "general",
      "provider": "provider[\"registry.terraform.io/hashicorp/google\"]",
      "instances": [
        {
          "schema_version": 1,
          "attributes": {
            "autoscaling": [],
            "cluster": "gke-terraform",
            "id": "projects/tough-artwork-368615/locations/us-east1/clusters/gke-terraform/nodePools/general",
            "initial_node_count": 1,
            "instance_group_urls": [
              "https://www.googleapis.com/compute/v1/projects/tough-artwork-368615/zones/us-east1-c/instanceGroupManagers/gke-gke-terraform-general-2ab525c0-grp",
              "https://www.googleapis.com/compute/v1/projects/tough-artwork-368615/zones/us-east1-d/instanceGroupManagers/gke-gke-terraform-general-21c11f8b-grp",
              "https://www.googleapis.com/compute/v1/projects/tough-artwork-368615/zones/us-east1-b/instanceGroupManagers/gke-gke-terraform-general-d2168de4-grp"
            ],
            "location": "us-east1",
            "managed_instance_group_urls": [
              "https://www.googleapis.com/compute/v1/projects/tough-artwork-368615/zones/us-east1-c/instanceGroups/gke-gke-terraform-general-2ab525c0-grp",
              "https://www.googleapis.com/compute/v1/projects/tough-artwork-368615/zones/us-east1-d/instanceGroups/gke-gke-terraform-general-21c11f8b-grp",
              "https://www.googleapis.com/compute/v1/projects/tough-artwork-368615/zones/us-east1-b/instanceGroups/gke-gke-terraform-general-d2168de4-grp"
            ],
            "management": [
              {
                "auto_repair": true,
                "auto_upgrade": true
              }
            ],
            "max_pods_per_node": null,
            "name": "general",
            "name_prefix": "",
            "node_config": [
              {
                "boot_disk_kms_key": "",
                "disk_size_gb": 100,
                "disk_type": "pd-standard",
                "gcfs_config": [],
                "guest_accelerator": [],
                "gvnic": [],
                "image_type": "COS_CONTAINERD",
                "labels": {
                  "role": "general"
                },
                "local_ssd_count": 0,
                "machine_type": "e2-small",
                "metadata": {
                  "disable-legacy-endpoints": "true"
                },
                "min_cpu_platform": "",
                "node_group": "",
                "oauth_scopes": [
                  "https://www.googleapis.com/auth/cloud-platform"
                ],
                "preemptible": false,
                "reservation_affinity": [],
                "service_account": "terraform-sa@tough-artwork-368615.iam.gserviceaccount.com",
                "shielded_instance_config": [
                  {
                    "enable_integrity_monitoring": true,
                    "enable_secure_boot": false
                  }
                ],
                "spot": false,
                "tags": null,
                "taint": [],
                "workload_metadata_config": []
              }
            ],
            "node_count": 1,
            "node_locations": [
              "us-east1-b",
              "us-east1-c",
              "us-east1-d"
            ],
            "operation": null,
            "project": "tough-artwork-368615",
            "timeouts": null,
            "upgrade_settings": [
              {
                "max_surge": 1,
                "max_unavailable": 0
              }
            ],
            "version": "1.23.8-gke.1900"
          },
          "sensitive_attributes": [],
          "private": "eyJlMmJmYjczMC1lY2FhLTExZTYtOGY4OC0zNDM2M2JjN2M0YzAiOnsiY3JlYXRlIjoxODAwMDAwMDAwMDAwLCJkZWxldGUiOjE4MDAwMDAwMDAwMDAsInVwZGF0ZSI6MTgwMDAwMDAwMDAwMH0sInNjaGVtYV92ZXJzaW9uIjoiMSJ9",
          "dependencies": [
            "google_compute_network.main",
            "google_compute_subnetwork.private_subnetwork",
            "google_container_cluster.gke"
          ]
        }
      ]
    }
  ],
  "check_results": null
}
